
Microsoft Visual Studio Solution File, Format Version 12.00
# TcXaeShell Solution File, Format Version 11.00
VisualStudioVersion = 15.0.34829.251
MinimumVisualStudioVersion = 10.0.40219.1
Project("{B1E792BE-AA5F-4E3C-8C82-674BF9C0715B}") = "TcTest", "TcTest.tsproj", "{B5A88D72-94D2-4D67-8010-6CD4DFB1F30F}"
EndProject
Global
	GlobalSection(SolutionConfigurationPlatforms) = preSolution
		Debug|TwinCAT OS (ARMV7-A) = Debug|TwinCAT OS (ARMV7-A)
		Debug|TwinCAT OS (ARMV7-M) = Debug|TwinCAT OS (ARMV7-M)
		Debug|TwinCAT OS (ARMV8-A) = Debug|TwinCAT OS (ARMV8-A)
		Debug|TwinCAT OS (x64) = Debug|TwinCAT OS (x64)
		Debug|TwinCAT RT (x64) = Debug|TwinCAT RT (x64)
		Debug|TwinCAT RT (x86) = Debug|TwinCAT RT (x86)
		Release|TwinCAT OS (ARMV7-A) = Release|TwinCAT OS (ARMV7-A)
		Release|TwinCAT OS (ARMV7-M) = Release|TwinCAT OS (ARMV7-M)
		Release|TwinCAT OS (ARMV8-A) = Release|TwinCAT OS (ARMV8-A)
		Release|TwinCAT OS (x64) = Release|TwinCAT OS (x64)
		Release|TwinCAT RT (x64) = Release|TwinCAT RT (x64)
		Release|TwinCAT RT (x86) = Release|TwinCAT RT (x86)
	EndGlobalSection
	GlobalSection(ProjectConfigurationPlatforms) = postSolution
		{B5A88D72-94D2-4D67-8010-6CD4DFB1F30F}.Debug|TwinCAT OS (ARMV7-A).ActiveCfg = Debug|TwinCAT OS (ARMV7-A)
		{B5A88D72-94D2-4D67-8010-6CD4DFB1F30F}.Debug|TwinCAT OS (ARMV7-A).Build.0 = Debug|TwinCAT OS (ARMV7-A)
		{B5A88D72-94D2-4D67-8010-6CD4DFB1F30F}.Debug|TwinCAT OS (ARMV7-M).ActiveCfg = Debug|TwinCAT OS (ARMV7-M)
		{B5A88D72-94D2-4D67-8010-6CD4DFB1F30F}.Debug|TwinCAT OS (ARMV7-M).Build.0 = Debug|TwinCAT OS (ARMV7-M)
		{B5A88D72-94D2-4D67-8010-6CD4DFB1F30F}.Debug|TwinCAT OS (ARMV8-A).ActiveCfg = Debug|TwinCAT OS (ARMV8-A)
		{B5A88D72-94D2-4D67-8010-6CD4DFB1F30F}.Debug|TwinCAT OS (ARMV8-A).Build.0 = Debug|TwinCAT OS (ARMV8-A)
		{B5A88D72-94D2-4D67-8010-6CD4DFB1F30F}.Debug|TwinCAT OS (x64).ActiveCfg = Debug|TwinCAT OS (x64)
		{B5A88D72-94D2-4D67-8010-6CD4DFB1F30F}.Debug|TwinCAT OS (x64).Build.0 = Debug|TwinCAT OS (x64)
		{B5A88D72-94D2-4D67-8010-6CD4DFB1F30F}.Debug|TwinCAT RT (x64).ActiveCfg = Debug|TwinCAT RT (x64)
		{B5A88D72-94D2-4D67-8010-6CD4DFB1F30F}.Debug|TwinCAT RT (x64).Build.0 = Debug|TwinCAT RT (x64)
		{B5A88D72-94D2-4D67-8010-6CD4DFB1F30F}.Debug|TwinCAT RT (x86).ActiveCfg = Debug|TwinCAT RT (x86)
		{B5A88D72-94D2-4D67-8010-6CD4DFB1F30F}.Debug|TwinCAT RT (x86).Build.0 = Debug|TwinCAT RT (x86)
		{B5A88D72-94D2-4D67-8010-6CD4DFB1F30F}.Release|TwinCAT OS (ARMV7-A).ActiveCfg = Release|TwinCAT OS (ARMV7-A)
		{B5A88D72-94D2-4D67-8010-6CD4DFB1F30F}.Release|TwinCAT OS (ARMV7-A).Build.0 = Release|TwinCAT OS (ARMV7-A)
		{B5A88D72-94D2-4D67-8010-6CD4DFB1F30F}.Release|TwinCAT OS (ARMV7-M).ActiveCfg = Release|TwinCAT OS (ARMV7-M)
		{B5A88D72-94D2-4D67-8010-6CD4DFB1F30F}.Release|TwinCAT OS (ARMV7-M).Build.0 = Release|TwinCAT OS (ARMV7-M)
		{B5A88D72-94D2-4D67-8010-6CD4DFB1F30F}.Release|TwinCAT OS (ARMV8-A).ActiveCfg = Release|TwinCAT OS (ARMV8-A)
		{B5A88D72-94D2-4D67-8010-6CD4DFB1F30F}.Release|TwinCAT OS (ARMV8-A).Build.0 = Release|TwinCAT OS (ARMV8-A)
		{B5A88D72-94D2-4D67-8010-6CD4DFB1F30F}.Release|TwinCAT OS (x64).ActiveCfg = Release|TwinCAT OS (x64)
		{B5A88D72-94D2-4D67-8010-6CD4DFB1F30F}.Release|TwinCAT OS (x64).Build.0 = Release|TwinCAT OS (x64)
		{B5A88D72-94D2-4D67-8010-6CD4DFB1F30F}.Release|TwinCAT RT (x64).ActiveCfg = Release|TwinCAT RT (x64)
		{B5A88D72-94D2-4D67-8010-6CD4DFB1F30F}.Release|TwinCAT RT (x64).Build.0 = Release|TwinCAT RT (x64)
		{B5A88D72-94D2-4D67-8010-6CD4DFB1F30F}.Release|TwinCAT RT (x86).ActiveCfg = Release|TwinCAT RT (x86)
		{B5A88D72-94D2-4D67-8010-6CD4DFB1F30F}.Release|TwinCAT RT (x86).Build.0 = Release|TwinCAT RT (x86)
		{3157DEE8-5CD8-4FC4-89E0-6ED99BADD713}.Debug|TwinCAT OS (ARMV7-A).ActiveCfg = Debug|TwinCAT OS (ARMV7-A)
		{3157DEE8-5CD8-4FC4-89E0-6ED99BADD713}.Debug|TwinCAT OS (ARMV7-A).Build.0 = Debug|TwinCAT OS (ARMV7-A)
		{3157DEE8-5CD8-4FC4-89E0-6ED99BADD713}.Debug|TwinCAT OS (ARMV7-M).ActiveCfg = Debug|TwinCAT OS (ARMV7-M)
		{3157DEE8-5CD8-4FC4-89E0-6ED99BADD713}.Debug|TwinCAT OS (ARMV7-M).Build.0 = Debug|TwinCAT OS (ARMV7-M)
		{3157DEE8-5CD8-4FC4-89E0-6ED99BADD713}.Debug|TwinCAT OS (ARMV8-A).ActiveCfg = Debug|TwinCAT OS (ARMV8-A)
		{3157DEE8-5CD8-4FC4-89E0-6ED99BADD713}.Debug|TwinCAT OS (ARMV8-A).Build.0 = Debug|TwinCAT OS (ARMV8-A)
		{3157DEE8-5CD8-4FC4-89E0-6ED99BADD713}.Debug|TwinCAT OS (x64).ActiveCfg = Debug|TwinCAT OS (x64)
		{3157DEE8-5CD8-4FC4-89E0-6ED99BADD713}.Debug|TwinCAT OS (x64).Build.0 = Debug|TwinCAT OS (x64)
		{3157DEE8-5CD8-4FC4-89E0-6ED99BADD713}.Debug|TwinCAT RT (x64).ActiveCfg = Debug|TwinCAT RT (x64)
		{3157DEE8-5CD8-4FC4-89E0-6ED99BADD713}.Debug|TwinCAT RT (x64).Build.0 = Debug|TwinCAT RT (x64)
		{3157DEE8-5CD8-4FC4-89E0-6ED99BADD713}.Debug|TwinCAT RT (x86).ActiveCfg = Debug|TwinCAT RT (x86)
		{3157DEE8-5CD8-4FC4-89E0-6ED99BADD713}.Debug|TwinCAT RT (x86).Build.0 = Debug|TwinCAT RT (x86)
		{3157DEE8-5CD8-4FC4-89E0-6ED99BADD713}.Release|TwinCAT OS (ARMV7-A).ActiveCfg = Release|TwinCAT OS (ARMV7-A)
		{3157DEE8-5CD8-4FC4-89E0-6ED99BADD713}.Release|TwinCAT OS (ARMV7-A).Build.0 = Release|TwinCAT OS (ARMV7-A)
		{3157DEE8-5CD8-4FC4-89E0-6ED99BADD713}.Release|TwinCAT OS (ARMV7-M).ActiveCfg = Release|TwinCAT OS (ARMV7-M)
		{3157DEE8-5CD8-4FC4-89E0-6ED99BADD713}.Release|TwinCAT OS (ARMV7-M).Build.0 = Release|TwinCAT OS (ARMV7-M)
		{3157DEE8-5CD8-4FC4-89E0-6ED99BADD713}.Release|TwinCAT OS (ARMV8-A).ActiveCfg = Release|TwinCAT OS (ARMV8-A)
		{3157DEE8-5CD8-4FC4-89E0-6ED99BADD713}.Release|TwinCAT OS (ARMV8-A).Build.0 = Release|TwinCAT OS (ARMV8-A)
		{3157DEE8-5CD8-4FC4-89E0-6ED99BADD713}.Release|TwinCAT OS (x64).ActiveCfg = Release|TwinCAT OS (x64)
		{3157DEE8-5CD8-4FC4-89E0-6ED99BADD713}.Release|TwinCAT OS (x64).Build.0 = Release|TwinCAT OS (x64)
		{3157DEE8-5CD8-4FC4-89E0-6ED99BADD713}.Release|TwinCAT RT (x64).ActiveCfg = Release|TwinCAT RT (x64)
		{3157DEE8-5CD8-4FC4-89E0-6ED99BADD713}.Release|TwinCAT RT (x64).Build.0 = Release|TwinCAT RT (x64)
		{3157DEE8-5CD8-4FC4-89E0-6ED99BADD713}.Release|TwinCAT RT (x86).ActiveCfg = Release|TwinCAT RT (x86)
		{3157DEE8-5CD8-4FC4-89E0-6ED99BADD713}.Release|TwinCAT RT (x86).Build.0 = Release|TwinCAT RT (x86)
	EndGlobalSection
	GlobalSection(SolutionProperties) = preSolution
		HideSolutionNode = FALSE
	EndGlobalSection
	GlobalSection(ExtensibilityGlobals) = postSolution
		SolutionGuid = {54278917-CA05-4B97-BCA5-B6BC931A94AB}
	EndGlobalSection
EndGlobal
